{
    "_readme": [
        "This file locks the dependencies of your project to a known state",
        "Read more about it at https://getcomposer.org/doc/01-basic-usage.md#composer-lock-the-lock-file",
        "This file is @generated automatically"
    ],
    "hash": "a4bb11546daca196bcd1d56e733ecb10",
    "content-hash": "3ccba4909824e07650c5589554f16f23",
    "packages": [
        {
            "name": "emotionloop/visualcaptcha",
            "version": "0.0.5",
            "source": {
                "type": "git",
                "url": "https://github.com/emotionLoop/visualCaptcha-packagist.git",
                "reference": "459cd8bdb9c65cb710a7579a01ca3cfa31278ffa"
            },
            "dist": {
                "type": "zip",
                "url": "https://api.github.com/repos/emotionLoop/visualCaptcha-packagist/zipball/459cd8bdb9c65cb710a7579a01ca3cfa31278ffa",
                "reference": "459cd8bdb9c65cb710a7579a01ca3cfa31278ffa",
                "shasum": ""
            },
            "require": {
                "php": ">=5.3"
            },
            "require-dev": {
                "phpunit/phpunit": "*"
            },
            "type": "library",
            "autoload": {
                "psr-0": {
                    "visualCaptcha": "src/"
                }
            },
            "notification-url": "https://packagist.org/downloads/",
            "license": [
                "MIT"
            ],
            "authors": [
                {
                    "name": "emotionLoop",
                    "email": "hello@emotionloop.com",
                    "homepage": "http://emotionloop.com"
                }
            ],
            "description": "PHP library for visualCaptcha. Still requires you to have the front-end companion.",
            "homepage": "http://visualcaptcha.net",
            "keywords": [
                "captcha",
                "security",
                "visualCaptcha"
            ],
            "time": "2015-07-12 09:17:03"
        }
    ],
    "packages-dev": [],
    "aliases": [],
    "minimum-stability": "stable",
    "stability-flags": [],
    "prefer-stable": false,
    "prefer-lowest": false,
    "platform": [],
    "platform-dev": []
}
